<?xml version="1.0" encoding="utf-8"?>
<Project ToolsVersion="4.0" xmlns="http://schemas.microsoft.com/developer/msbuild/2003">
  <ItemGroup>
    <Filter Include="Resource Files">
      <UniqueIdentifier>{67DA6AB6-F800-4c08-8B7A-83BB121AAD01}</UniqueIdentifier>
      <Extensions>rc;ico;cur;bmp;dlg;rc2;rct;bin;rgs;gif;jpg;jpeg;jpe;resx;tiff;tif;png;wav;mfcribbon-ms</Extensions>
    </Filter>
    <Filter Include="source">
      <UniqueIdentifier>{377c61cc-d083-4ab7-9d80-bce27eb64aaa}</UniqueIdentifier>
    </Filter>
    <Filter Include="source\pages">
      <UniqueIdentifier>{ab85c7df-cba6-42ad-9e7a-d55bd9ac118e}</UniqueIdentifier>
    </Filter>
    <Filter Include="source\pages\lib">
      <UniqueIdentifier>{01997dfa-ae8b-4833-b129-d006a0aa3aa8}</UniqueIdentifier>
    </Filter>
    <Filter Include="source\model">
      <UniqueIdentifier>{783367ca-3bca-49cd-8c03-54081e16f972}</UniqueIdentifier>
    </Filter>
    <Filter Include="source\crest">
      <UniqueIdentifier>{be38d99e-bbd2-4976-9bd6-76b12ebfcc56}</UniqueIdentifier>
    </Filter>
  </ItemGroup>
  <ItemGroup>
    <ClInclude Include="source\CppServers.hpp">
      <Filter>source</Filter>
    </ClInclude>
    <ClInclude Include="source\Init.hpp">
      <Filter>source</Filter>
    </ClInclude>
    <ClInclude Include="source\Precompiled.hpp">
      <Filter>source</Filter>
    </ClInclude>
    <ClInclude Include="source\Error.hpp">
      <Filter>source</Filter>
    </ClInclude>
    <ClInclude Include="source\String.hpp">
      <Filter>source</Filter>
    </ClInclude>
    <ClInclude Include="source\SmartPtr.hpp">
      <Filter>source</Filter>
    </ClInclude>
    <ClInclude Include="source\Gzip.hpp">
      <Filter>source</Filter>
    </ClInclude>
    <ClInclude Include="source\CrestBulkMarketOrders.hpp">
      <Filter>source</Filter>
    </ClInclude>
    <ClInclude Include="source\Server.hpp">
      <Filter>source</Filter>
    </ClInclude>
    <ClInclude Include="source\pages\BulkMarketOrders.hpp">
      <Filter>source\pages</Filter>
    </ClInclude>
    <ClInclude Include="source\pages\Errors.hpp">
      <Filter>source\pages</Filter>
    </ClInclude>
    <ClInclude Include="source\Log.hpp">
      <Filter>source</Filter>
    </ClInclude>
    <ClInclude Include="source\pages\Jita5pSell.hpp">
      <Filter>source\pages</Filter>
    </ClInclude>
    <ClInclude Include="source\pages\lib\Params.hpp">
      <Filter>source\pages\lib</Filter>
    </ClInclude>
    <ClInclude Include="source\pages\BulkMarketHistory.hpp">
      <Filter>source\pages</Filter>
    </ClInclude>
    <ClInclude Include="source\model\MarketOrder.hpp">
      <Filter>source\model</Filter>
    </ClInclude>
    <ClInclude Include="source\model\MarketHistoryDay.hpp">
      <Filter>source\model</Filter>
    </ClInclude>
    <ClInclude Include="source\model\CrestPage.hpp">
      <Filter>source\model</Filter>
    </ClInclude>
    <ClInclude Include="source\pages\HubPrices.hpp">
      <Filter>source\pages</Filter>
    </ClInclude>
    <ClInclude Include="source\model\EveRegions.hpp">
      <Filter>source\model</Filter>
    </ClInclude>
    <ClInclude Include="source\crest\Urls.hpp">
      <Filter>source\crest</Filter>
    </ClInclude>
    <ClInclude Include="source\crest\MarketOrderSlim.hpp">
      <Filter>source\crest</Filter>
    </ClInclude>
    <ClInclude Include="source\crest\ConnectionPool.hpp">
      <Filter>source\crest</Filter>
    </ClInclude>
    <ClInclude Include="source\crest\JsonHelpers.hpp">
      <Filter>source\crest</Filter>
    </ClInclude>
    <ClInclude Include="source\crest\CacheEntry.hpp">
      <Filter>source\crest</Filter>
    </ClInclude>
    <ClInclude Include="source\crest\CacheOld.hpp">
      <Filter>source\crest</Filter>
    </ClInclude>
    <ClInclude Include="source\crest\MarketOrdersAll.hpp">
      <Filter>source\crest</Filter>
    </ClInclude>
    <ClInclude Include="source\crest\MarketOrdersCache.hpp">
      <Filter>source\crest</Filter>
    </ClInclude>
    <ClInclude Include="source\crest\Cache.hpp">
      <Filter>source\crest</Filter>
    </ClInclude>
  </ItemGroup>
  <ItemGroup>
    <ClCompile Include="source\Init.cpp">
      <Filter>source</Filter>
    </ClCompile>
    <ClCompile Include="source\Precompiled.cpp">
      <Filter>source</Filter>
    </ClCompile>
    <ClCompile Include="source\Error.cpp">
      <Filter>source</Filter>
    </ClCompile>
    <ClCompile Include="source\String.cpp">
      <Filter>source</Filter>
    </ClCompile>
    <ClCompile Include="source\Gzip.cpp">
      <Filter>source</Filter>
    </ClCompile>
    <ClCompile Include="source\CrestBulkMarketOrders.cpp">
      <Filter>source</Filter>
    </ClCompile>
    <ClCompile Include="source\Server.cpp">
      <Filter>source</Filter>
    </ClCompile>
    <ClCompile Include="source\pages\BulkMarketOrders.cpp">
      <Filter>source\pages</Filter>
    </ClCompile>
    <ClCompile Include="source\pages\Errors.cpp">
      <Filter>source\pages</Filter>
    </ClCompile>
    <ClCompile Include="source\Log.cpp">
      <Filter>source</Filter>
    </ClCompile>
    <ClCompile Include="source\pages\Jita5pSell.cpp">
      <Filter>source\pages</Filter>
    </ClCompile>
    <ClCompile Include="source\pages\lib\Params.cpp">
      <Filter>source\pages\lib</Filter>
    </ClCompile>
    <ClCompile Include="source\pages\BulkMarketHistory.cpp">
      <Filter>source\pages</Filter>
    </ClCompile>
    <ClCompile Include="source\pages\HubPrices.cpp">
      <Filter>source\pages</Filter>
    </ClCompile>
    <ClCompile Include="source\crest\ConnectionPool.cpp">
      <Filter>source\crest</Filter>
    </ClCompile>
    <ClCompile Include="source\crest\CacheOld.cpp">
      <Filter>source\crest</Filter>
    </ClCompile>
    <ClCompile Include="source\crest\MarketOrdersAll.cpp">
      <Filter>source\crest</Filter>
    </ClCompile>
    <ClCompile Include="source\crest\MarketOrdersCache.cpp">
      <Filter>source\crest</Filter>
    </ClCompile>
    <ClCompile Include="source\crest\Cache.cpp">
      <Filter>source\crest</Filter>
    </ClCompile>
  </ItemGroup>
</Project>